
Microsoft Visual Studio Solution File, Format Version 12.00
# Visual Studio Version 17
VisualStudioVersion = 17.4.33110.190
MinimumVisualStudioVersion = 10.0.40219.1
Project("{9A19103F-16F7-4668-BE54-9A1E7A4F7556}") = "MySTL", "CSnauka\MySTL.csproj", "{EDB7CB39-6A86-40C1-9893-58D0927EF6BD}"
EndProject
Global
	GlobalSection(SolutionConfigurationPlatforms) = preSolution
		Debug|Any CPU = Debug|Any CPU
		Release|Any CPU = Release|Any CPU
	EndGlobalSection
	GlobalSection(ProjectConfigurationPlatforms) = postSolution
		{EDB7CB39-6A86-40C1-9893-58D0927EF6BD}.Debug|Any CPU.ActiveCfg = Debug|Any CPU
		{EDB7CB39-6A86-40C1-9893-58D0927EF6BD}.Debug|Any CPU.Build.0 = Debug|Any CPU
		{EDB7CB39-6A86-40C1-9893-58D0927EF6BD}.Release|Any CPU.ActiveCfg = Release|Any CPU
		{EDB7CB39-6A86-40C1-9893-58D0927EF6BD}.Release|Any CPU.Build.0 = Release|Any CPU
	EndGlobalSection
	GlobalSection(SolutionProperties) = preSolution
		HideSolutionNode = FALSE
	EndGlobalSection
	GlobalSection(ExtensibilityGlobals) = postSolution
		SolutionGuid = {5E6ACFB5-617A-4AC4-BF52-78A9F89D83F2}
	EndGlobalSection
EndGlobal
